{
  "lockfile_version": "1",
  "packages": {
    "cmake@latest": {
      "last_modified": "2024-12-23T21:10:33Z",
      "resolved": "github:NixOS/nixpkgs/de1864217bfa9b5845f465e771e0ecb48b30e02d#cmake",
      "source": "devbox-search",
      "version": "3.30.5",
      "systems": {
        "aarch64-darwin": {
          "outputs": [
            {
              "name": "out",
              "path": "/nix/store/x8qyfphi04lhj621if89f8il33v9dnny-cmake-3.30.5",
              "default": true
            }
          ],
          "store_path": "/nix/store/x8qyfphi04lhj621if89f8il33v9dnny-cmake-3.30.5"
        },
        "aarch64-linux": {
          "outputs": [
            {
              "name": "out",
              "path": "/nix/store/cgw86xcgai718dlql36z7jvp1pwq610c-cmake-3.30.5",
              "default": true
            },
            {
              "name": "debug",
              "path": "/nix/store/bihfh3k64l5hd8v08052q0h6skzdn76y-cmake-3.30.5-debug"
            }
          ],
          "store_path": "/nix/store/cgw86xcgai718dlql36z7jvp1pwq610c-cmake-3.30.5"
        },
        "x86_64-darwin": {
          "outputs": [
            {
              "name": "out",
              "path": "/nix/store/6fxjmcjgfz338702p9ps26r0s1bakqbk-cmake-3.30.5",
              "default": true
            }
          ],
          "store_path": "/nix/store/6fxjmcjgfz338702p9ps26r0s1bakqbk-cmake-3.30.5"
        },
        "x86_64-linux": {
          "outputs": [
            {
              "name": "out",
              "path": "/nix/store/38cffsqqx823crf1i4bcf6zz1qz1hgpd-cmake-3.30.5",
              "default": true
            },
            {
              "name": "debug",
              "path": "/nix/store/h0ldr2hbqcb37hdkmh8cdyljrqwrc1ms-cmake-3.30.5-debug"
            }
          ],
          "store_path": "/nix/store/38cffsqqx823crf1i4bcf6zz1qz1hgpd-cmake-3.30.5"
        }
      }
    },
    "gcc@latest": {
      "last_modified": "2024-12-23T21:10:33Z",
      "resolved": "github:NixOS/nixpkgs/de1864217bfa9b5845f465e771e0ecb48b30e02d#gcc",
      "source": "devbox-search",
      "version": "14-20241116",
      "systems": {
        "aarch64-darwin": {
          "outputs": [
            {
              "name": "out",
              "path": "/nix/store/bz4za608n5sn2lilknjx5pnc99ysby33-gcc-wrapper-14-20241116",
              "default": true
            },
            {
              "name": "man",
              "path": "/nix/store/5ax2kmxwxjxifk325iakm5abjwdfj7gy-gcc-wrapper-14-20241116-man",
              "default": true
            },
            {
              "name": "info",
              "path": "/nix/store/aiivjnra5g8pql4jphnh9dsyr4z3i6pj-gcc-wrapper-14-20241116-info"
            }
          ],
          "store_path": "/nix/store/bz4za608n5sn2lilknjx5pnc99ysby33-gcc-wrapper-14-20241116"
        },
        "aarch64-linux": {
          "outputs": [
            {
              "name": "out",
              "path": "/nix/store/lypi8vf0lra99nx7nx2by1jyx5nhj9x0-gcc-wrapper-14-20241116",
              "default": true
            },
            {
              "name": "man",
              "path": "/nix/store/zdvmhplq052pzswiqh7ap84kxgfv3zpa-gcc-wrapper-14-20241116-man",
              "default": true
            },
            {
              "name": "info",
              "path": "/nix/store/vzxp6yn3xjwhfndp6cl77qpayxlwmy1c-gcc-wrapper-14-20241116-info"
            }
          ],
          "store_path": "/nix/store/lypi8vf0lra99nx7nx2by1jyx5nhj9x0-gcc-wrapper-14-20241116"
        },
        "x86_64-darwin": {
          "outputs": [
            {
              "name": "out",
              "path": "/nix/store/g3ma4vjn7wdn5sri45di3pkj5xi5irr9-gcc-wrapper-14-20241116",
              "default": true
            },
            {
              "name": "man",
              "path": "/nix/store/r3k9xzqj3xpkl1c8sjq11pxiv5rarph5-gcc-wrapper-14-20241116-man",
              "default": true
            },
            {
              "name": "info",
              "path": "/nix/store/hqcd606dbh4pai6rvp5rlncs4amd39b5-gcc-wrapper-14-20241116-info"
            }
          ],
          "store_path": "/nix/store/g3ma4vjn7wdn5sri45di3pkj5xi5irr9-gcc-wrapper-14-20241116"
        },
        "x86_64-linux": {
          "outputs": [
            {
              "name": "out",
              "path": "/nix/store/xcn9p4xxfbvlkpah7pwchpav4ab9d135-gcc-wrapper-14-20241116",
              "default": true
            },
            {
              "name": "man",
              "path": "/nix/store/ifn8wv7q8qwi7pa7vf4rrj9fwknk6bzj-gcc-wrapper-14-20241116-man",
              "default": true
            },
            {
              "name": "info",
              "path": "/nix/store/h3b5gn5jh547jj8mz5g4c4270b5x1wl5-gcc-wrapper-14-20241116-info"
            }
          ],
          "store_path": "/nix/store/xcn9p4xxfbvlkpah7pwchpav4ab9d135-gcc-wrapper-14-20241116"
        }
      }
    },
    "ninja@latest": {
      "last_modified": "2024-12-23T21:10:33Z",
      "resolved": "github:NixOS/nixpkgs/de1864217bfa9b5845f465e771e0ecb48b30e02d#ninja",
      "source": "devbox-search",
      "version": "1.12.1",
      "systems": {
        "aarch64-darwin": {
          "outputs": [
            {
              "name": "out",
              "path": "/nix/store/d6kiwip8cgqqzjpp6hbsmkqkr6jrqyd9-ninja-1.12.1",
              "default": true
            }
          ],
          "store_path": "/nix/store/d6kiwip8cgqqzjpp6hbsmkqkr6jrqyd9-ninja-1.12.1"
        },
        "aarch64-linux": {
          "outputs": [
            {
              "name": "out",
              "path": "/nix/store/4142cy0xm16s1ldqx7qq2w69rca36y0c-ninja-1.12.1",
              "default": true
            }
          ],
          "store_path": "/nix/store/4142cy0xm16s1ldqx7qq2w69rca36y0c-ninja-1.12.1"
        },
        "x86_64-darwin": {
          "outputs": [
            {
              "name": "out",
              "path": "/nix/store/w8ngrsfh2zimq4a16rgrrm23skcss5v4-ninja-1.12.1",
              "default": true
            }
          ],
          "store_path": "/nix/store/w8ngrsfh2zimq4a16rgrrm23skcss5v4-ninja-1.12.1"
        },
        "x86_64-linux": {
          "outputs": [
            {
              "name": "out",
              "path": "/nix/store/byvgvqlh007flwk940c99zfgzrjg0zsg-ninja-1.12.1",
              "default": true
            }
          ],
          "store_path": "/nix/store/byvgvqlh007flwk940c99zfgzrjg0zsg-ninja-1.12.1"
        }
      }
    }
  }
}
